{
  "originHash" : "110ace4f28dc0bc751d70ef716f8f0a7f0a36db462870833c031f870ed1df304",
  "pins" : [
    {
      "identity" : "swiftsdl2",
      "kind" : "remoteSourceControl",
      "location" : "https://github.com/CmST0us/SwiftSDL2.git",
      "state" : {
        "branch" : "main",
        "revision" : "a4ae230dc0ab5b28e3169f0306071f76a808055d"
      }
    },
    {
      "identity" : "swiftstlinkv3bridge",
      "kind" : "remoteSourceControl",
      "location" : "https://github.com/CmST0us/SwiftSTLinkV3Bridge.git",
      "state" : {
        "branch" : "main",
        "revision" : "c3f6319520764dea7d2802a4ce8c74e6b9ceb70f"
      }
    },
    {
      "identity" : "u8g2kit",
      "kind" : "remoteSourceControl",
      "location" : "https://github.com/CmST0us/U8g2Kit.git",
      "state" : {
        "branch" : "main",
        "revision" : "34ced6e79163f7e7161196ce4ec2f3e9e310c526"
      }
    }
  ],
  "version" : 3
}
