{
  "originHash" : "5500ce076ba7fdd9b4a22c3f217b3d14a224f11a3f1f66863ec264c06f3b8034",
  "pins" : [
    {
      "identity" : "swiftsdl2",
      "kind" : "remoteSourceControl",
      "location" : "https://github.com/CmST0us/SwiftSDL2.git",
      "state" : {
        "branch" : "main",
        "revision" : "a4ae230dc0ab5b28e3169f0306071f76a808055d"
      }
    },
    {
      "identity" : "swiftstlinkv3bridge",
      "kind" : "remoteSourceControl",
      "location" : "https://github.com/CmST0us/SwiftSTLinkV3Bridge.git",
      "state" : {
        "branch" : "main",
        "revision" : "e8f976e8596721bdca55430348659232a9045f0a"
      }
    }
  ],
  "version" : 3
}
